# Generated by pub
# See https://dart.dev/tools/pub/glossary#lockfile
packages:
  characters:
    dependency: transitive
    description:
      name: characters
      sha256: "04a925763edad70e8443c99234dc3328f442e811f1d8fd1a72f1c8ad0f69a605"
      url: "https://pub.dev"
    source: hosted
    version: "1.3.0"
  collection:
    dependency: transitive
    description:
      name: collection
      sha256: ee67cb0715911d28db6bf4af1026078bd6f0128b07a5f66fb2ed94ec6783c09a
      url: "https://pub.dev"
    source: hosted
    version: "1.18.0"
  flame:
    dependency: "direct main"
    description:
      name: flame
      sha256: aa5aec029f5037e07b44b84df3f495ce159d078b528555470148582581e4915c
      url: "https://pub.dev"
    source: hosted
    version: "1.13.1"
  flutter:
    dependency: "direct main"
    description: flutter
    source: sdk
    version: "0.0.0"
  gamepads:
    dependency: "direct main"
    description:
      name: gamepads
      sha256: "5c6b0b576b455a29295306004cee7c51699958efb9fad6e6371d89a076f2688d"
      url: "https://pub.dev"
    source: hosted
    version: "0.1.1"
  gamepads_darwin:
    dependency: transitive
    description:
      name: gamepads_darwin
      sha256: a101811ef2a7c57632ed54d78b4c1b2e1e83a4b0031da62151b0537de9b5932d
      url: "https://pub.dev"
    source: hosted
    version: "0.1.1"
  gamepads_linux:
    dependency: transitive
    description:
      name: gamepads_linux
      sha256: "7a16bef9d773648aae86204da3915e0172d3f5789b08714f65b18ce663a12611"
      url: "https://pub.dev"
    source: hosted
    version: "0.1.1"
  gamepads_platform_interface:
    dependency: transitive
    description:
      name: gamepads_platform_interface
      sha256: b659d9103ff2bfd2d5d6d0863bb63446f384c0c545cd989f89adc953b561c7e5
      url: "https://pub.dev"
    source: hosted
    version: "0.1.1"
  gamepads_windows:
    dependency: transitive
    description:
      name: gamepads_windows
      sha256: "177b98ce0c34f20a72c778641965d1428908ff1dc31dcede64320f309af4c635"
      url: "https://pub.dev"
    source: hosted
    version: "0.1.1"
  material_color_utilities:
    dependency: transitive
    description:
      name: material_color_utilities
      sha256: "0e0a020085b65b6083975e499759762399b4475f766c21668c4ecca34ea74e5a"
      url: "https://pub.dev"
    source: hosted
    version: "0.8.0"
  meta:
    dependency: transitive
    description:
      name: meta
      sha256: d584fa6707a52763a52446f02cc621b077888fb63b93bbcb1143a7be5a0c0c04
      url: "https://pub.dev"
    source: hosted
    version: "1.11.0"
  ordered_set:
    dependency: transitive
    description:
      name: ordered_set
      sha256: "3858c7d84619edfab87c3e367584648020903187edb70b52697646f4b2a93022"
      url: "https://pub.dev"
    source: hosted
    version: "5.0.2"
  plugin_platform_interface:
    dependency: transitive
    description:
      name: plugin_platform_interface
      sha256: f4f88d4a900933e7267e2b353594774fc0d07fb072b47eedcd5b54e1ea3269f8
      url: "https://pub.dev"
    source: hosted
    version: "2.1.7"
  sky_engine:
    dependency: transitive
    description: flutter
    source: sdk
    version: "0.0.99"
  vector_math:
    dependency: transitive
    description:
      name: vector_math
      sha256: "80b3257d1492ce4d091729e3a67a60407d227c27241d6927be0130c98e741803"
      url: "https://pub.dev"
    source: hosted
    version: "2.1.4"
sdks:
  dart: ">=3.2.0-0 <4.0.0"
  flutter: ">=3.13.0"
